{
  "name": "worker",
  "version": "1.0.0",
  "lockfileVersion": 1,
  "requires": true,
  "dependencies": {
    "ansi-styles": {
      "version": "3.2.0",
      "resolved": "https://registry.npmjs.org/ansi-styles/-/ansi-styles-3.2.0.tgz",
      "integrity": "sha512-NnSOmMEYtVR2JVMIGTzynRkkaxtiq1xnFBcdQD/DnNCYPoEPsVJhM98BDyaoNOQIi7p4okdi3E27eN7GQbsUug==",
      "requires": {
        "color-convert": "1.9.1"
      }
    },
    "args": {
      "version": "3.0.8",
      "resolved": "https://registry.npmjs.org/args/-/args-3.0.8.tgz",
      "integrity": "sha512-yZ9pTP1UzoR04R2iusf2H3UG70O7mo55O5DjOS/MPKMTvxAFZenVCgi+JP8Q/dI+18qiM/m4r8En9j5/WlsBjQ==",
      "requires": {
        "camelcase": "4.1.0",
        "chalk": "2.1.0",
        "mri": "1.1.0",
        "pkginfo": "0.4.1",
        "string-similarity": "1.2.0"
      },
      "dependencies": {
        "chalk": {
          "version": "2.1.0",
          "resolved": "https://registry.npmjs.org/chalk/-/chalk-2.1.0.tgz",
          "integrity": "sha512-LUHGS/dge4ujbXMJrnihYMcL4AoOweGnw9Tp3kQuqy1Kx5c1qKjqvMJZ6nVJPMWJtKCTN72ZogH3oeSO9g9rXQ==",
          "requires": {
            "ansi-styles": "3.2.0",
            "escape-string-regexp": "1.0.5",
            "supports-color": "4.5.0"
          }
        }
      }
    },
    "arr-diff": {
      "version": "4.0.0",
      "resolved": "https://registry.npmjs.org/arr-diff/-/arr-diff-4.0.0.tgz",
      "integrity": "sha1-1kYQdP6/7HHn4VI1dhoyml3HxSA="
    },
    "arr-union": {
      "version": "3.1.0",
      "resolved": "https://registry.npmjs.org/arr-union/-/arr-union-3.1.0.tgz",
      "integrity": "sha1-45sJrqne+Gao8gbiiK9jkZuuOcQ="
    },
    "array-unique": {
      "version": "0.3.2",
      "resolved": "https://registry.npmjs.org/array-unique/-/array-unique-0.3.2.tgz",
      "integrity": "sha1-qJS3XUvE9s1nnvMkSp/Y9Gri1Cg="
    },
    "assign-symbols": {
      "version": "1.0.0",
      "resolved": "https://registry.npmjs.org/assign-symbols/-/assign-symbols-1.0.0.tgz",
      "integrity": "sha1-WWZ/QfrdTyDMvCu5a41Pf3jsA2c="
    },
    "atob": {
      "version": "2.0.3",
      "resolved": "https://registry.npmjs.org/atob/-/atob-2.0.3.tgz",
      "integrity": "sha1-GcenYEc3dEaPILLS0DNyrX1Mv10="
    },
    "balanced-match": {
      "version": "1.0.0",
      "resolved": "https://registry.npmjs.org/balanced-match/-/balanced-match-1.0.0.tgz",
      "integrity": "sha1-ibTRmasr7kneFk6gK4nORi1xt2c="
    },
    "base": {
      "version": "0.11.2",
      "resolved": "https://registry.npmjs.org/base/-/base-0.11.2.tgz",
      "integrity": "sha512-5T6P4xPgpp0YDFvSWwEZ4NoE3aM4QBQXDzmVbraCkFj8zHM+mba8SyqB5DbZWyR7mYHo6Y7BdQo3MoA4m0TeQg==",
      "requires": {
        "cache-base": "1.0.1",
        "class-utils": "0.3.6",
        "component-emitter": "1.2.1",
        "define-property": "1.0.0",
        "isobject": "3.0.1",
        "mixin-deep": "1.3.1",
        "pascalcase": "0.1.1"
      },
      "dependencies": {
        "define-property": {
          "version": "1.0.0",
          "resolved": "https://registry.npmjs.org/define-property/-/define-property-1.0.0.tgz",
          "integrity": "sha1-dp66rz9KY6rTr56NMEybvnm/sOY=",
          "requires": {
            "is-descriptor": "1.0.2"
          }
        }
      }
    },
    "bluebird": {
      "version": "3.5.1",
      "resolved": "https://registry.npmjs.org/bluebird/-/bluebird-3.5.1.tgz",
      "integrity": "sha512-MKiLiV+I1AA596t9w1sQJ8jkiSr5+ZKi0WKrYGUn6d1Fx+Ij4tIj+m2WMQSGczs5jZVxV339chE8iwk6F64wjA=="
    },
    "brace-expansion": {
      "version": "1.1.11",
      "resolved": "https://registry.npmjs.org/brace-expansion/-/brace-expansion-1.1.11.tgz",
      "integrity": "sha512-iCuPHDFgrHX7H2vEI/5xpz07zSHB00TpugqhmYtVmMO6518mCuRMoOYFldEBl0g187ufozdaHgWKcYFb61qGiA==",
      "requires": {
        "balanced-match": "1.0.0",
        "concat-map": "0.0.1"
      }
    },
    "cache-base": {
      "version": "1.0.1",
      "resolved": "https://registry.npmjs.org/cache-base/-/cache-base-1.0.1.tgz",
      "integrity": "sha512-AKcdTnFSWATd5/GCPRxr2ChwIJ85CeyrEyjRHlKxQ56d4XJMGym0uAiKn0xbLOGOl3+yRpOTi484dVCEc5AUzQ==",
      "requires": {
        "collection-visit": "1.0.0",
        "component-emitter": "1.2.1",
        "get-value": "2.0.6",
        "has-value": "1.0.0",
        "isobject": "3.0.1",
        "set-value": "2.0.0",
        "to-object-path": "0.3.0",
        "union-value": "1.0.0",
        "unset-value": "1.0.0"
      }
    },
    "camelcase": {
      "version": "4.1.0",
      "resolved": "https://registry.npmjs.org/camelcase/-/camelcase-4.1.0.tgz",
      "integrity": "sha1-1UVjW+HjPFQmScaRc+Xeas+uNN0="
    },
    "chalk": {
      "version": "2.3.1",
      "resolved": "https://registry.npmjs.org/chalk/-/chalk-2.3.1.tgz",
      "integrity": "sha512-QUU4ofkDoMIVO7hcx1iPTISs88wsO8jA92RQIm4JAwZvFGGAV2hSAA1NX7oVj2Ej2Q6NDTcRDjPTFrMCRZoJ6g==",
      "requires": {
        "ansi-styles": "3.2.0",
        "escape-string-regexp": "1.0.5",
        "supports-color": "5.2.0"
      },
      "dependencies": {
        "has-flag": {
          "version": "3.0.0",
          "resolved": "https://registry.npmjs.org/has-flag/-/has-flag-3.0.0.tgz",
          "integrity": "sha1-tdRU3CGZriJWmfNGfloH87lVuv0="
        },
        "supports-color": {
          "version": "5.2.0",
          "resolved": "https://registry.npmjs.org/supports-color/-/supports-color-5.2.0.tgz",
          "integrity": "sha512-F39vS48la4YvTZUPVeTqsjsFNrvcMwrV3RLZINsmHo+7djCvuUzSIeXOnZ5hmjef4bajL1dNccN+tg5XAliO5Q==",
          "requires": {
            "has-flag": "3.0.0"
          }
        }
      }
    },
    "class-utils": {
      "version": "0.3.6",
      "resolved": "https://registry.npmjs.org/class-utils/-/class-utils-0.3.6.tgz",
      "integrity": "sha512-qOhPa/Fj7s6TY8H8esGu5QNpMMQxz79h+urzrNYN6mn+9BnxlDGf5QZ+XeCDsxSjPqsSR56XOZOJmpeurnLMeg==",
      "requires": {
        "arr-union": "3.1.0",
        "define-property": "0.2.5",
        "isobject": "3.0.1",
        "static-extend": "0.1.2"
      },
      "dependencies": {
        "define-property": {
          "version": "0.2.5",
          "resolved": "https://registry.npmjs.org/define-property/-/define-property-0.2.5.tgz",
          "integrity": "sha1-w1se+RjsPJkPmlvFe+BKrOxcgRY=",
          "requires": {
            "is-descriptor": "0.1.6"
          }
        },
        "is-accessor-descriptor": {
          "version": "0.1.6",
          "resolved": "https://registry.npmjs.org/is-accessor-descriptor/-/is-accessor-descriptor-0.1.6.tgz",
          "integrity": "sha1-qeEss66Nh2cn7u84Q/igiXtcmNY=",
          "requires": {
            "kind-of": "3.2.2"
          },
          "dependencies": {
            "kind-of": {
              "version": "3.2.2",
              "resolved": "https://registry.npmjs.org/kind-of/-/kind-of-3.2.2.tgz",
              "integrity": "sha1-MeohpzS6ubuw8yRm2JOupR5KPGQ=",
              "requires": {
                "is-buffer": "1.1.6"
              }
            }
          }
        },
        "is-data-descriptor": {
          "version": "0.1.4",
          "resolved": "https://registry.npmjs.org/is-data-descriptor/-/is-data-descriptor-0.1.4.tgz",
          "integrity": "sha1-C17mSDiOLIYCgueT8YVv7D8wG1Y=",
          "requires": {
            "kind-of": "3.2.2"
          },
          "dependencies": {
            "kind-of": {
              "version": "3.2.2",
              "resolved": "https://registry.npmjs.org/kind-of/-/kind-of-3.2.2.tgz",
              "integrity": "sha1-MeohpzS6ubuw8yRm2JOupR5KPGQ=",
              "requires": {
                "is-buffer": "1.1.6"
              }
            }
          }
        },
        "is-descriptor": {
          "version": "0.1.6",
          "resolved": "https://registry.npmjs.org/is-descriptor/-/is-descriptor-0.1.6.tgz",
          "integrity": "sha512-avDYr0SB3DwO9zsMov0gKCESFYqCnE4hq/4z3TdUlukEy5t9C0YRq7HLrsN52NAcqXKaepeCD0n+B0arnVG3Hg==",
          "requires": {
            "is-accessor-descriptor": "0.1.6",
            "is-data-descriptor": "0.1.4",
            "kind-of": "5.1.0"
          }
        },
        "kind-of": {
          "version": "5.1.0",
          "resolved": "https://registry.npmjs.org/kind-of/-/kind-of-5.1.0.tgz",
          "integrity": "sha512-NGEErnH6F2vUuXDh+OlbcKW7/wOcfdRHaZ7VWtqCztfHri/++YKmP51OdWeGPuqCOba6kk2OTe5d02VmTB80Pw=="
        }
      }
    },
    "collection-visit": {
      "version": "1.0.0",
      "resolved": "https://registry.npmjs.org/collection-visit/-/collection-visit-1.0.0.tgz",
      "integrity": "sha1-S8A3PBZLwykbTTaMgpzxqApZ3KA=",
      "requires": {
        "map-visit": "1.0.0",
        "object-visit": "1.0.1"
      }
    },
    "color-convert": {
      "version": "1.9.1",
      "resolved": "https://registry.npmjs.org/color-convert/-/color-convert-1.9.1.tgz",
      "integrity": "sha512-mjGanIiwQJskCC18rPR6OmrZ6fm2Lc7PeGFYwCmy5J34wC6F1PzdGL6xeMfmgicfYcNLGuVFA3WzXtIDCQSZxQ==",
      "requires": {
        "color-name": "1.1.3"
      }
    },
    "color-name": {
      "version": "1.1.3",
      "resolved": "https://registry.npmjs.org/color-name/-/color-name-1.1.3.tgz",
      "integrity": "sha1-p9BVi9icQveV3UIyj3QIMcpTvCU="
    },
    "component-emitter": {
      "version": "1.2.1",
      "resolved": "https://registry.npmjs.org/component-emitter/-/component-emitter-1.2.1.tgz",
      "integrity": "sha1-E3kY1teCg/ffemt8WmPhQOaUJeY="
    },
    "concat-map": {
      "version": "0.0.1",
      "resolved": "https://registry.npmjs.org/concat-map/-/concat-map-0.0.1.tgz",
      "integrity": "sha1-2Klr13/Wjfd5OnMDajug1UBdR3s="
    },
    "copy-descriptor": {
      "version": "0.1.1",
      "resolved": "https://registry.npmjs.org/copy-descriptor/-/copy-descriptor-0.1.1.tgz",
      "integrity": "sha1-Z29us8OZl8LuGsOpJP1hJHSPV40="
    },
    "debug": {
      "version": "2.6.9",
      "resolved": "https://registry.npmjs.org/debug/-/debug-2.6.9.tgz",
      "integrity": "sha512-bC7ElrdJaJnPbAP+1EotYvqZsb3ecl5wi6Bfi6BJTUcNowp6cvspg0jXznRTKDjm/E7AdgFBVeAPVMNcKGsHMA==",
      "requires": {
        "ms": "2.0.0"
      }
    },
    "decode-uri-component": {
      "version": "0.2.0",
      "resolved": "https://registry.npmjs.org/decode-uri-component/-/decode-uri-component-0.2.0.tgz",
      "integrity": "sha1-6zkTMzRYd1y4TNGh+uBiEGu4dUU="
    },
    "define-property": {
      "version": "2.0.2",
      "resolved": "https://registry.npmjs.org/define-property/-/define-property-2.0.2.tgz",
      "integrity": "sha512-jwK2UV4cnPpbcG7+VRARKTZPUWowwXA8bzH5NP6ud0oeAxyYPuGZUAC7hMugpCdz4BeSZl2Dl9k66CHJ/46ZYQ==",
      "requires": {
        "is-descriptor": "1.0.2",
        "isobject": "3.0.1"
      }
    },
    "es6-error": {
      "version": "4.1.1",
      "resolved": "https://registry.npmjs.org/es6-error/-/es6-error-4.1.1.tgz",
      "integrity": "sha512-Um/+FxMr9CISWh0bi5Zv0iOD+4cFh5qLeks1qhAopKVAJw3drgKbKySikp7wGhDL0HPeaja0P5ULZrxLkniUVg=="
    },
    "escape-string-regexp": {
      "version": "1.0.5",
      "resolved": "https://registry.npmjs.org/escape-string-regexp/-/escape-string-regexp-1.0.5.tgz",
      "integrity": "sha1-G2HAViGQqN/2rjuyzwIAyhMLhtQ="
    },
    "eventemitter2": {
      "version": "5.0.1",
      "resolved": "https://registry.npmjs.org/eventemitter2/-/eventemitter2-5.0.1.tgz",
      "integrity": "sha1-YZegldX7a1folC9v1+qtY6CclFI="
    },
    "extend-shallow": {
      "version": "3.0.2",
      "resolved": "https://registry.npmjs.org/extend-shallow/-/extend-shallow-3.0.2.tgz",
      "integrity": "sha1-Jqcarwc7OfshJxcnRhMcJwQCjbg=",
      "requires": {
        "assign-symbols": "1.0.0",
        "is-extendable": "1.0.1"
      }
    },
    "fastest-validator": {
      "version": "0.6.5",
      "resolved": "https://registry.npmjs.org/fastest-validator/-/fastest-validator-0.6.5.tgz",
      "integrity": "sha1-pr3QdNneQYO7JnLzauoK9/7Add0="
    },
    "for-in": {
      "version": "1.0.2",
      "resolved": "https://registry.npmjs.org/for-in/-/for-in-1.0.2.tgz",
      "integrity": "sha1-gQaNKVqBQuwKxybG4iAMMPttXoA="
    },
    "fragment-cache": {
      "version": "0.2.1",
      "resolved": "https://registry.npmjs.org/fragment-cache/-/fragment-cache-0.2.1.tgz",
      "integrity": "sha1-QpD60n8T6Jvn8zeZxrxaCr//DRk=",
      "requires": {
        "map-cache": "0.2.2"
      }
    },
    "fs.realpath": {
      "version": "1.0.0",
      "resolved": "https://registry.npmjs.org/fs.realpath/-/fs.realpath-1.0.0.tgz",
      "integrity": "sha1-FQStJSMVjKpA20onh8sBQRmU6k8="
    },
    "get-value": {
      "version": "2.0.6",
      "resolved": "https://registry.npmjs.org/get-value/-/get-value-2.0.6.tgz",
      "integrity": "sha1-3BXKHGcjh8p2vTesCjlbogQqLCg="
    },
    "glob": {
      "version": "7.1.2",
      "resolved": "https://registry.npmjs.org/glob/-/glob-7.1.2.tgz",
      "integrity": "sha512-MJTUg1kjuLeQCJ+ccE4Vpa6kKVXkPYJ2mOCQyUuKLcLQsdrMCpBPUi8qVE6+YuaJkozeA9NusTAw3hLr8Xe5EQ==",
      "requires": {
        "fs.realpath": "1.0.0",
        "inflight": "1.0.6",
        "inherits": "2.0.3",
        "minimatch": "3.0.4",
        "once": "1.4.0",
        "path-is-absolute": "1.0.1"
      }
    },
    "has-flag": {
      "version": "2.0.0",
      "resolved": "https://registry.npmjs.org/has-flag/-/has-flag-2.0.0.tgz",
      "integrity": "sha1-6CB68cx7MNRGzHC3NLXovhj4jVE="
    },
    "has-value": {
      "version": "1.0.0",
      "resolved": "https://registry.npmjs.org/has-value/-/has-value-1.0.0.tgz",
      "integrity": "sha1-GLKB2lhbHFxR3vJMkw7SmgvmsXc=",
      "requires": {
        "get-value": "2.0.6",
        "has-values": "1.0.0",
        "isobject": "3.0.1"
      }
    },
    "has-values": {
      "version": "1.0.0",
      "resolved": "https://registry.npmjs.org/has-values/-/has-values-1.0.0.tgz",
      "integrity": "sha1-lbC2P+whRmGab+V/51Yo1aOe/k8=",
      "requires": {
        "is-number": "3.0.0",
        "kind-of": "4.0.0"
      },
      "dependencies": {
        "is-number": {
          "version": "3.0.0",
          "resolved": "https://registry.npmjs.org/is-number/-/is-number-3.0.0.tgz",
          "integrity": "sha1-JP1iAaR4LPUFYcgQJ2r8fRLXEZU=",
          "requires": {
            "kind-of": "3.2.2"
          },
          "dependencies": {
            "kind-of": {
              "version": "3.2.2",
              "resolved": "https://registry.npmjs.org/kind-of/-/kind-of-3.2.2.tgz",
              "integrity": "sha1-MeohpzS6ubuw8yRm2JOupR5KPGQ=",
              "requires": {
                "is-buffer": "1.1.6"
              }
            }
          }
        },
        "kind-of": {
          "version": "4.0.0",
          "resolved": "https://registry.npmjs.org/kind-of/-/kind-of-4.0.0.tgz",
          "integrity": "sha1-IIE989cSkosgc3hpGkUGb65y3Vc=",
          "requires": {
            "is-buffer": "1.1.6"
          }
        }
      }
    },
    "inflight": {
      "version": "1.0.6",
      "resolved": "https://registry.npmjs.org/inflight/-/inflight-1.0.6.tgz",
      "integrity": "sha1-Sb1jMdfQLQwJvJEKEHW6gWW1bfk=",
      "requires": {
        "once": "1.4.0",
        "wrappy": "1.0.2"
      }
    },
    "inherits": {
      "version": "2.0.3",
      "resolved": "https://registry.npmjs.org/inherits/-/inherits-2.0.3.tgz",
      "integrity": "sha1-Yzwsg+PaQqUC9SRmAiSA9CCCYd4="
    },
    "ipaddr.js": {
      "version": "1.6.0",
      "resolved": "https://registry.npmjs.org/ipaddr.js/-/ipaddr.js-1.6.0.tgz",
      "integrity": "sha1-4/o1e3c9phnybpXwSdBVxyeW+Gs="
    },
    "is-accessor-descriptor": {
      "version": "1.0.0",
      "resolved": "https://registry.npmjs.org/is-accessor-descriptor/-/is-accessor-descriptor-1.0.0.tgz",
      "integrity": "sha512-m5hnHTkcVsPfqx3AKlyttIPb7J+XykHvJP2B9bZDjlhLIoEq4XoK64Vg7boZlVWYK6LUY94dYPEE7Lh0ZkZKcQ==",
      "requires": {
        "kind-of": "6.0.2"
      }
    },
    "is-buffer": {
      "version": "1.1.6",
      "resolved": "https://registry.npmjs.org/is-buffer/-/is-buffer-1.1.6.tgz",
      "integrity": "sha512-NcdALwpXkTm5Zvvbk7owOUSvVvBKDgKP5/ewfXEznmQFfs4ZRmanOeKBTjRVjka3QFoN6XJ+9F3USqfHqTaU5w=="
    },
    "is-data-descriptor": {
      "version": "1.0.0",
      "resolved": "https://registry.npmjs.org/is-data-descriptor/-/is-data-descriptor-1.0.0.tgz",
      "integrity": "sha512-jbRXy1FmtAoCjQkVmIVYwuuqDFUbaOeDjmed1tOGPrsMhtJA4rD9tkgA0F1qJ3gRFRXcHYVkdeaP50Q5rE/jLQ==",
      "requires": {
        "kind-of": "6.0.2"
      }
    },
    "is-descriptor": {
      "version": "1.0.2",
      "resolved": "https://registry.npmjs.org/is-descriptor/-/is-descriptor-1.0.2.tgz",
      "integrity": "sha512-2eis5WqQGV7peooDyLmNEPUrps9+SXX5c9pL3xEB+4e9HnGuDa7mB7kHxHw4CbqS9k1T2hOH3miL8n8WtiYVtg==",
      "requires": {
        "is-accessor-descriptor": "1.0.0",
        "is-data-descriptor": "1.0.0",
        "kind-of": "6.0.2"
      }
    },
    "is-extendable": {
      "version": "1.0.1",
      "resolved": "https://registry.npmjs.org/is-extendable/-/is-extendable-1.0.1.tgz",
      "integrity": "sha512-arnXMxT1hhoKo9k1LZdmlNyJdDDfy2v0fXjFlmok4+i8ul/6WlbVge9bhM74OpNPQPMGUToDtz+KXa1PneJxOA==",
      "requires": {
        "is-plain-object": "2.0.4"
      }
    },
    "is-number": {
      "version": "4.0.0",
      "resolved": "https://registry.npmjs.org/is-number/-/is-number-4.0.0.tgz",
      "integrity": "sha512-rSklcAIlf1OmFdyAqbnWTLVelsQ58uvZ66S/ZyawjWqIviTWCjg2PzVGw8WUA+nNuPTqb4wgA+NszrJ+08LlgQ=="
    },
    "is-odd": {
      "version": "2.0.0",
      "resolved": "https://registry.npmjs.org/is-odd/-/is-odd-2.0.0.tgz",
      "integrity": "sha512-OTiixgpZAT1M4NHgS5IguFp/Vz2VI3U7Goh4/HA1adtwyLtSBrxYlcSYkhpAE07s4fKEcjrFxyvtQBND4vFQyQ==",
      "requires": {
        "is-number": "4.0.0"
      }
    },
    "is-plain-object": {
      "version": "2.0.4",
      "resolved": "https://registry.npmjs.org/is-plain-object/-/is-plain-object-2.0.4.tgz",
      "integrity": "sha512-h5PpgXkWitc38BBMYawTYMWJHFZJVnBquFE57xFpjB8pJFiF6gZ+bU+WyI/yqXiFR5mdLsgYNaPe8uao6Uv9Og==",
      "requires": {
        "isobject": "3.0.1"
      }
    },
    "is-windows": {
      "version": "1.0.2",
      "resolved": "https://registry.npmjs.org/is-windows/-/is-windows-1.0.2.tgz",
      "integrity": "sha512-eXK1UInq2bPmjyX6e3VHIzMLobc4J94i4AWn+Hpq3OU5KkrRC96OAcR3PRJ/pGu6m8TRnBHP9dkXQVsT/COVIA=="
    },
    "isarray": {
      "version": "1.0.0",
      "resolved": "https://registry.npmjs.org/isarray/-/isarray-1.0.0.tgz",
      "integrity": "sha1-u5NdSFgsuhaMBoNJV6VKPgcSTxE="
    },
    "isobject": {
      "version": "3.0.1",
      "resolved": "https://registry.npmjs.org/isobject/-/isobject-3.0.1.tgz",
      "integrity": "sha1-TkMekrEalzFjaqH5yNHMvP2reN8="
    },
    "kind-of": {
      "version": "6.0.2",
      "resolved": "https://registry.npmjs.org/kind-of/-/kind-of-6.0.2.tgz",
      "integrity": "sha512-s5kLOcnH0XqDO+FvuaLX8DDjZ18CGFk7VygH40QoKPUQhW4e2rvM0rwUq0t8IQDOwYSeLK01U90OjzBTme2QqA=="
    },
    "lazy-cache": {
      "version": "2.0.2",
      "resolved": "https://registry.npmjs.org/lazy-cache/-/lazy-cache-2.0.2.tgz",
      "integrity": "sha1-uRkKT5EzVGlIQIWfio9whNiCImQ=",
      "requires": {
        "set-getter": "0.1.0"
      }
    },
    "lodash": {
      "version": "4.17.5",
      "resolved": "https://registry.npmjs.org/lodash/-/lodash-4.17.5.tgz",
      "integrity": "sha512-svL3uiZf1RwhH+cWrfZn3A4+U58wbP0tGVTLQPbjplZxZ8ROD9VLuNgsRniTlLe7OlSqR79RUehXgpBW/s0IQw=="
    },
    "map-cache": {
      "version": "0.2.2",
      "resolved": "https://registry.npmjs.org/map-cache/-/map-cache-0.2.2.tgz",
      "integrity": "sha1-wyq9C9ZSXZsFFkW7TyasXcmKDb8="
    },
    "map-visit": {
      "version": "1.0.0",
      "resolved": "https://registry.npmjs.org/map-visit/-/map-visit-1.0.0.tgz",
      "integrity": "sha1-7Nyo8TFE5mDxtb1B8S80edmN+48=",
      "requires": {
        "object-visit": "1.0.1"
      }
    },
    "minimatch": {
      "version": "3.0.4",
      "resolved": "https://registry.npmjs.org/minimatch/-/minimatch-3.0.4.tgz",
      "integrity": "sha512-yJHVQEhyqPLUTgt9B83PXu6W3rx4MvvHvSUvToogpwoGDOUQ+yDrR0HRot+yOCdCO7u4hX3pWft6kWBBcqh0UA==",
      "requires": {
        "brace-expansion": "1.1.11"
      }
    },
    "mixin-deep": {
      "version": "1.3.1",
      "resolved": "https://registry.npmjs.org/mixin-deep/-/mixin-deep-1.3.1.tgz",
      "integrity": "sha512-8ZItLHeEgaqEvd5lYBXfm4EZSFCX29Jb9K+lAHhDKzReKBQKj3R+7NOF6tjqYi9t4oI8VUfaWITJQm86wnXGNQ==",
      "requires": {
        "for-in": "1.0.2",
        "is-extendable": "1.0.1"
      }
    },
    "moleculer": {
      "version": "github:ice-services/moleculer#a989723596806fdb23bff33da7ffa3c62c53e24b",
      "requires": {
        "args": "3.0.8",
        "bluebird": "3.5.1",
        "chalk": "2.3.1",
        "es6-error": "4.1.1",
        "eventemitter2": "5.0.1",
        "fastest-validator": "0.6.5",
        "glob": "7.1.2",
        "ipaddr.js": "1.6.0",
        "lodash": "4.17.5",
        "nanomatch": "1.2.9",
        "node-object-hash": "1.3.0"
      }
    },
    "mri": {
      "version": "1.1.0",
      "resolved": "https://registry.npmjs.org/mri/-/mri-1.1.0.tgz",
      "integrity": "sha1-XAo/KcjM/7ux7JQdzsCdcfoy82o="
    },
    "ms": {
      "version": "2.0.0",
      "resolved": "https://registry.npmjs.org/ms/-/ms-2.0.0.tgz",
      "integrity": "sha1-VgiurfwAvmwpAd9fmGF4jeDVl8g="
    },
    "nanomatch": {
      "version": "1.2.9",
      "resolved": "https://registry.npmjs.org/nanomatch/-/nanomatch-1.2.9.tgz",
      "integrity": "sha512-n8R9bS8yQ6eSXaV6jHUpKzD8gLsin02w1HSFiegwrs9E098Ylhw5jdyKPaYqvHknHaSCKTPp7C8dGCQ0q9koXA==",
      "requires": {
        "arr-diff": "4.0.0",
        "array-unique": "0.3.2",
        "define-property": "2.0.2",
        "extend-shallow": "3.0.2",
        "fragment-cache": "0.2.1",
        "is-odd": "2.0.0",
        "is-windows": "1.0.2",
        "kind-of": "6.0.2",
        "object.pick": "1.3.0",
        "regex-not": "1.0.2",
        "snapdragon": "0.8.1",
        "to-regex": "3.0.1"
      }
    },
    "node-object-hash": {
      "version": "1.3.0",
      "resolved": "https://registry.npmjs.org/node-object-hash/-/node-object-hash-1.3.0.tgz",
      "integrity": "sha512-/IHFGoMJWIAcFbrI3KYx6TUmHdBXRZXACAVbkHzYB39JZzoVqgme7wcMnhrOwCvrO8HfIipFTBhELJFMhiw1mg=="
    },
    "object-copy": {
      "version": "0.1.0",
      "resolved": "https://registry.npmjs.org/object-copy/-/object-copy-0.1.0.tgz",
      "integrity": "sha1-fn2Fi3gb18mRpBupde04EnVOmYw=",
      "requires": {
        "copy-descriptor": "0.1.1",
        "define-property": "0.2.5",
        "kind-of": "3.2.2"
      },
      "dependencies": {
        "define-property": {
          "version": "0.2.5",
          "resolved": "https://registry.npmjs.org/define-property/-/define-property-0.2.5.tgz",
          "integrity": "sha1-w1se+RjsPJkPmlvFe+BKrOxcgRY=",
          "requires": {
            "is-descriptor": "0.1.6"
          }
        },
        "is-accessor-descriptor": {
          "version": "0.1.6",
          "resolved": "https://registry.npmjs.org/is-accessor-descriptor/-/is-accessor-descriptor-0.1.6.tgz",
          "integrity": "sha1-qeEss66Nh2cn7u84Q/igiXtcmNY=",
          "requires": {
            "kind-of": "3.2.2"
          }
        },
        "is-data-descriptor": {
          "version": "0.1.4",
          "resolved": "https://registry.npmjs.org/is-data-descriptor/-/is-data-descriptor-0.1.4.tgz",
          "integrity": "sha1-C17mSDiOLIYCgueT8YVv7D8wG1Y=",
          "requires": {
            "kind-of": "3.2.2"
          }
        },
        "is-descriptor": {
          "version": "0.1.6",
          "resolved": "https://registry.npmjs.org/is-descriptor/-/is-descriptor-0.1.6.tgz",
          "integrity": "sha512-avDYr0SB3DwO9zsMov0gKCESFYqCnE4hq/4z3TdUlukEy5t9C0YRq7HLrsN52NAcqXKaepeCD0n+B0arnVG3Hg==",
          "requires": {
            "is-accessor-descriptor": "0.1.6",
            "is-data-descriptor": "0.1.4",
            "kind-of": "5.1.0"
          },
          "dependencies": {
            "kind-of": {
              "version": "5.1.0",
              "resolved": "https://registry.npmjs.org/kind-of/-/kind-of-5.1.0.tgz",
              "integrity": "sha512-NGEErnH6F2vUuXDh+OlbcKW7/wOcfdRHaZ7VWtqCztfHri/++YKmP51OdWeGPuqCOba6kk2OTe5d02VmTB80Pw=="
            }
          }
        },
        "kind-of": {
          "version": "3.2.2",
          "resolved": "https://registry.npmjs.org/kind-of/-/kind-of-3.2.2.tgz",
          "integrity": "sha1-MeohpzS6ubuw8yRm2JOupR5KPGQ=",
          "requires": {
            "is-buffer": "1.1.6"
          }
        }
      }
    },
    "object-visit": {
      "version": "1.0.1",
      "resolved": "https://registry.npmjs.org/object-visit/-/object-visit-1.0.1.tgz",
      "integrity": "sha1-95xEk68MU3e1n+OdOV5BBC3QRbs=",
      "requires": {
        "isobject": "3.0.1"
      }
    },
    "object.pick": {
      "version": "1.3.0",
      "resolved": "https://registry.npmjs.org/object.pick/-/object.pick-1.3.0.tgz",
      "integrity": "sha1-h6EKxMFpS9Lhy/U1kaZhQftd10c=",
      "requires": {
        "isobject": "3.0.1"
      }
    },
    "once": {
      "version": "1.4.0",
      "resolved": "https://registry.npmjs.org/once/-/once-1.4.0.tgz",
      "integrity": "sha1-WDsap3WWHUsROsF9nFC6753Xa9E=",
      "requires": {
        "wrappy": "1.0.2"
      }
    },
    "pascalcase": {
      "version": "0.1.1",
      "resolved": "https://registry.npmjs.org/pascalcase/-/pascalcase-0.1.1.tgz",
      "integrity": "sha1-s2PlXoAGym/iF4TS2yK9FdeRfxQ="
    },
    "path-is-absolute": {
      "version": "1.0.1",
      "resolved": "https://registry.npmjs.org/path-is-absolute/-/path-is-absolute-1.0.1.tgz",
      "integrity": "sha1-F0uSaHNVNP+8es5r9TpanhtcX18="
    },
    "pkginfo": {
      "version": "0.4.1",
      "resolved": "https://registry.npmjs.org/pkginfo/-/pkginfo-0.4.1.tgz",
      "integrity": "sha1-tUGO8EOd5UJfxJlQQtztFPsqhP8="
    },
    "regex-not": {
      "version": "1.0.2",
      "resolved": "https://registry.npmjs.org/regex-not/-/regex-not-1.0.2.tgz",
      "integrity": "sha512-J6SDjUgDxQj5NusnOtdFxDwN/+HWykR8GELwctJ7mdqhcyy1xEc4SRFHUXvxTp661YaVKAjfRLZ9cCqS6tn32A==",
      "requires": {
        "extend-shallow": "3.0.2",
        "safe-regex": "1.1.0"
      }
    },
    "resolve-url": {
      "version": "0.2.1",
      "resolved": "https://registry.npmjs.org/resolve-url/-/resolve-url-0.2.1.tgz",
      "integrity": "sha1-LGN/53yJOv0qZj/iGqkIAGjiBSo="
    },
    "ret": {
      "version": "0.1.15",
      "resolved": "https://registry.npmjs.org/ret/-/ret-0.1.15.tgz",
      "integrity": "sha512-TTlYpa+OL+vMMNG24xSlQGEJ3B/RzEfUlLct7b5G/ytav+wPrplCpVMFuwzXbkecJrb6IYo1iFb0S9v37754mg=="
    },
    "safe-regex": {
      "version": "1.1.0",
      "resolved": "https://registry.npmjs.org/safe-regex/-/safe-regex-1.1.0.tgz",
      "integrity": "sha1-QKNmnzsHfR6UPURinhV91IAjvy4=",
      "requires": {
        "ret": "0.1.15"
      }
    },
    "set-getter": {
      "version": "0.1.0",
      "resolved": "https://registry.npmjs.org/set-getter/-/set-getter-0.1.0.tgz",
      "integrity": "sha1-12nBgsnVpR9AkUXy+6guXoboA3Y=",
      "requires": {
        "to-object-path": "0.3.0"
      }
    },
    "set-value": {
      "version": "2.0.0",
      "resolved": "https://registry.npmjs.org/set-value/-/set-value-2.0.0.tgz",
      "integrity": "sha512-hw0yxk9GT/Hr5yJEYnHNKYXkIA8mVJgd9ditYZCe16ZczcaELYYcfvaXesNACk2O8O0nTiPQcQhGUQj8JLzeeg==",
      "requires": {
        "extend-shallow": "2.0.1",
        "is-extendable": "0.1.1",
        "is-plain-object": "2.0.4",
        "split-string": "3.1.0"
      },
      "dependencies": {
        "extend-shallow": {
          "version": "2.0.1",
          "resolved": "https://registry.npmjs.org/extend-shallow/-/extend-shallow-2.0.1.tgz",
          "integrity": "sha1-Ua99YUrZqfYQ6huvu5idaxxWiQ8=",
          "requires": {
            "is-extendable": "0.1.1"
          }
        },
        "is-extendable": {
          "version": "0.1.1",
          "resolved": "https://registry.npmjs.org/is-extendable/-/is-extendable-0.1.1.tgz",
          "integrity": "sha1-YrEQ4omkcUGOPsNqYX1HLjAd/Ik="
        }
      }
    },
    "snapdragon": {
      "version": "0.8.1",
      "resolved": "https://registry.npmjs.org/snapdragon/-/snapdragon-0.8.1.tgz",
      "integrity": "sha1-4StUh/re0+PeoKyR6UAL91tAE3A=",
      "requires": {
        "base": "0.11.2",
        "debug": "2.6.9",
        "define-property": "0.2.5",
        "extend-shallow": "2.0.1",
        "map-cache": "0.2.2",
        "source-map": "0.5.7",
        "source-map-resolve": "0.5.1",
        "use": "2.0.2"
      },
      "dependencies": {
        "define-property": {
          "version": "0.2.5",
          "resolved": "https://registry.npmjs.org/define-property/-/define-property-0.2.5.tgz",
          "integrity": "sha1-w1se+RjsPJkPmlvFe+BKrOxcgRY=",
          "requires": {
            "is-descriptor": "0.1.6"
          }
        },
        "extend-shallow": {
          "version": "2.0.1",
          "resolved": "https://registry.npmjs.org/extend-shallow/-/extend-shallow-2.0.1.tgz",
          "integrity": "sha1-Ua99YUrZqfYQ6huvu5idaxxWiQ8=",
          "requires": {
            "is-extendable": "0.1.1"
          }
        },
        "is-accessor-descriptor": {
          "version": "0.1.6",
          "resolved": "https://registry.npmjs.org/is-accessor-descriptor/-/is-accessor-descriptor-0.1.6.tgz",
          "integrity": "sha1-qeEss66Nh2cn7u84Q/igiXtcmNY=",
          "requires": {
            "kind-of": "3.2.2"
          },
          "dependencies": {
            "kind-of": {
              "version": "3.2.2",
              "resolved": "https://registry.npmjs.org/kind-of/-/kind-of-3.2.2.tgz",
              "integrity": "sha1-MeohpzS6ubuw8yRm2JOupR5KPGQ=",
              "requires": {
                "is-buffer": "1.1.6"
              }
            }
          }
        },
        "is-data-descriptor": {
          "version": "0.1.4",
          "resolved": "https://registry.npmjs.org/is-data-descriptor/-/is-data-descriptor-0.1.4.tgz",
          "integrity": "sha1-C17mSDiOLIYCgueT8YVv7D8wG1Y=",
          "requires": {
            "kind-of": "3.2.2"
          },
          "dependencies": {
            "kind-of": {
              "version": "3.2.2",
              "resolved": "https://registry.npmjs.org/kind-of/-/kind-of-3.2.2.tgz",
              "integrity": "sha1-MeohpzS6ubuw8yRm2JOupR5KPGQ=",
              "requires": {
                "is-buffer": "1.1.6"
              }
            }
          }
        },
        "is-descriptor": {
          "version": "0.1.6",
          "resolved": "https://registry.npmjs.org/is-descriptor/-/is-descriptor-0.1.6.tgz",
          "integrity": "sha512-avDYr0SB3DwO9zsMov0gKCESFYqCnE4hq/4z3TdUlukEy5t9C0YRq7HLrsN52NAcqXKaepeCD0n+B0arnVG3Hg==",
          "requires": {
            "is-accessor-descriptor": "0.1.6",
            "is-data-descriptor": "0.1.4",
            "kind-of": "5.1.0"
          }
        },
        "is-extendable": {
          "version": "0.1.1",
          "resolved": "https://registry.npmjs.org/is-extendable/-/is-extendable-0.1.1.tgz",
          "integrity": "sha1-YrEQ4omkcUGOPsNqYX1HLjAd/Ik="
        },
        "kind-of": {
          "version": "5.1.0",
          "resolved": "https://registry.npmjs.org/kind-of/-/kind-of-5.1.0.tgz",
          "integrity": "sha512-NGEErnH6F2vUuXDh+OlbcKW7/wOcfdRHaZ7VWtqCztfHri/++YKmP51OdWeGPuqCOba6kk2OTe5d02VmTB80Pw=="
        }
      }
    },
    "source-map": {
      "version": "0.5.7",
      "resolved": "https://registry.npmjs.org/source-map/-/source-map-0.5.7.tgz",
      "integrity": "sha1-igOdLRAh0i0eoUyA2OpGi6LvP8w="
    },
    "source-map-resolve": {
      "version": "0.5.1",
      "resolved": "https://registry.npmjs.org/source-map-resolve/-/source-map-resolve-0.5.1.tgz",
      "integrity": "sha512-0KW2wvzfxm8NCTb30z0LMNyPqWCdDGE2viwzUaucqJdkTRXtZiSY3I+2A6nVAjmdOy0I4gU8DwnVVGsk9jvP2A==",
      "requires": {
        "atob": "2.0.3",
        "decode-uri-component": "0.2.0",
        "resolve-url": "0.2.1",
        "source-map-url": "0.4.0",
        "urix": "0.1.0"
      }
    },
    "source-map-url": {
      "version": "0.4.0",
      "resolved": "https://registry.npmjs.org/source-map-url/-/source-map-url-0.4.0.tgz",
      "integrity": "sha1-PpNdfd1zYxuXZZlW1VEo6HtQhKM="
    },
    "split-string": {
      "version": "3.1.0",
      "resolved": "https://registry.npmjs.org/split-string/-/split-string-3.1.0.tgz",
      "integrity": "sha512-NzNVhJDYpwceVVii8/Hu6DKfD2G+NrQHlS/V/qgv763EYudVwEcMQNxd2lh+0VrUByXN/oJkl5grOhYWvQUYiw==",
      "requires": {
        "extend-shallow": "3.0.2"
      }
    },
    "static-extend": {
      "version": "0.1.2",
      "resolved": "https://registry.npmjs.org/static-extend/-/static-extend-0.1.2.tgz",
      "integrity": "sha1-YICcOcv/VTNyJv1eC1IPNB8ftcY=",
      "requires": {
        "define-property": "0.2.5",
        "object-copy": "0.1.0"
      },
      "dependencies": {
        "define-property": {
          "version": "0.2.5",
          "resolved": "https://registry.npmjs.org/define-property/-/define-property-0.2.5.tgz",
          "integrity": "sha1-w1se+RjsPJkPmlvFe+BKrOxcgRY=",
          "requires": {
            "is-descriptor": "0.1.6"
          }
        },
        "is-accessor-descriptor": {
          "version": "0.1.6",
          "resolved": "https://registry.npmjs.org/is-accessor-descriptor/-/is-accessor-descriptor-0.1.6.tgz",
          "integrity": "sha1-qeEss66Nh2cn7u84Q/igiXtcmNY=",
          "requires": {
            "kind-of": "3.2.2"
          },
          "dependencies": {
            "kind-of": {
              "version": "3.2.2",
              "resolved": "https://registry.npmjs.org/kind-of/-/kind-of-3.2.2.tgz",
              "integrity": "sha1-MeohpzS6ubuw8yRm2JOupR5KPGQ=",
              "requires": {
                "is-buffer": "1.1.6"
              }
            }
          }
        },
        "is-data-descriptor": {
          "version": "0.1.4",
          "resolved": "https://registry.npmjs.org/is-data-descriptor/-/is-data-descriptor-0.1.4.tgz",
          "integrity": "sha1-C17mSDiOLIYCgueT8YVv7D8wG1Y=",
          "requires": {
            "kind-of": "3.2.2"
          },
          "dependencies": {
            "kind-of": {
              "version": "3.2.2",
              "resolved": "https://registry.npmjs.org/kind-of/-/kind-of-3.2.2.tgz",
              "integrity": "sha1-MeohpzS6ubuw8yRm2JOupR5KPGQ=",
              "requires": {
                "is-buffer": "1.1.6"
              }
            }
          }
        },
        "is-descriptor": {
          "version": "0.1.6",
          "resolved": "https://registry.npmjs.org/is-descriptor/-/is-descriptor-0.1.6.tgz",
          "integrity": "sha512-avDYr0SB3DwO9zsMov0gKCESFYqCnE4hq/4z3TdUlukEy5t9C0YRq7HLrsN52NAcqXKaepeCD0n+B0arnVG3Hg==",
          "requires": {
            "is-accessor-descriptor": "0.1.6",
            "is-data-descriptor": "0.1.4",
            "kind-of": "5.1.0"
          }
        },
        "kind-of": {
          "version": "5.1.0",
          "resolved": "https://registry.npmjs.org/kind-of/-/kind-of-5.1.0.tgz",
          "integrity": "sha512-NGEErnH6F2vUuXDh+OlbcKW7/wOcfdRHaZ7VWtqCztfHri/++YKmP51OdWeGPuqCOba6kk2OTe5d02VmTB80Pw=="
        }
      }
    },
    "string-similarity": {
      "version": "1.2.0",
      "resolved": "https://registry.npmjs.org/string-similarity/-/string-similarity-1.2.0.tgz",
      "integrity": "sha1-11FTyzg4RjGLejmo2SkrtNtOnDA=",
      "requires": {
        "lodash": "4.17.5"
      }
    },
    "supports-color": {
      "version": "4.5.0",
      "resolved": "https://registry.npmjs.org/supports-color/-/supports-color-4.5.0.tgz",
      "integrity": "sha1-vnoN5ITexcXN34s9WRJQRJEvY1s=",
      "requires": {
        "has-flag": "2.0.0"
      }
    },
    "to-object-path": {
      "version": "0.3.0",
      "resolved": "https://registry.npmjs.org/to-object-path/-/to-object-path-0.3.0.tgz",
      "integrity": "sha1-KXWIt7Dn4KwI4E5nL4XB9JmeF68=",
      "requires": {
        "kind-of": "3.2.2"
      },
      "dependencies": {
        "kind-of": {
          "version": "3.2.2",
          "resolved": "https://registry.npmjs.org/kind-of/-/kind-of-3.2.2.tgz",
          "integrity": "sha1-MeohpzS6ubuw8yRm2JOupR5KPGQ=",
          "requires": {
            "is-buffer": "1.1.6"
          }
        }
      }
    },
    "to-regex": {
      "version": "3.0.1",
      "resolved": "https://registry.npmjs.org/to-regex/-/to-regex-3.0.1.tgz",
      "integrity": "sha1-FTWL7kosg712N3uh3ASdDxiDeq4=",
      "requires": {
        "define-property": "0.2.5",
        "extend-shallow": "2.0.1",
        "regex-not": "1.0.2"
      },
      "dependencies": {
        "define-property": {
          "version": "0.2.5",
          "resolved": "https://registry.npmjs.org/define-property/-/define-property-0.2.5.tgz",
          "integrity": "sha1-w1se+RjsPJkPmlvFe+BKrOxcgRY=",
          "requires": {
            "is-descriptor": "0.1.6"
          }
        },
        "extend-shallow": {
          "version": "2.0.1",
          "resolved": "https://registry.npmjs.org/extend-shallow/-/extend-shallow-2.0.1.tgz",
          "integrity": "sha1-Ua99YUrZqfYQ6huvu5idaxxWiQ8=",
          "requires": {
            "is-extendable": "0.1.1"
          }
        },
        "is-accessor-descriptor": {
          "version": "0.1.6",
          "resolved": "https://registry.npmjs.org/is-accessor-descriptor/-/is-accessor-descriptor-0.1.6.tgz",
          "integrity": "sha1-qeEss66Nh2cn7u84Q/igiXtcmNY=",
          "requires": {
            "kind-of": "3.2.2"
          },
          "dependencies": {
            "kind-of": {
              "version": "3.2.2",
              "resolved": "https://registry.npmjs.org/kind-of/-/kind-of-3.2.2.tgz",
              "integrity": "sha1-MeohpzS6ubuw8yRm2JOupR5KPGQ=",
              "requires": {
                "is-buffer": "1.1.6"
              }
            }
          }
        },
        "is-data-descriptor": {
          "version": "0.1.4",
          "resolved": "https://registry.npmjs.org/is-data-descriptor/-/is-data-descriptor-0.1.4.tgz",
          "integrity": "sha1-C17mSDiOLIYCgueT8YVv7D8wG1Y=",
          "requires": {
            "kind-of": "3.2.2"
          },
          "dependencies": {
            "kind-of": {
              "version": "3.2.2",
              "resolved": "https://registry.npmjs.org/kind-of/-/kind-of-3.2.2.tgz",
              "integrity": "sha1-MeohpzS6ubuw8yRm2JOupR5KPGQ=",
              "requires": {
                "is-buffer": "1.1.6"
              }
            }
          }
        },
        "is-descriptor": {
          "version": "0.1.6",
          "resolved": "https://registry.npmjs.org/is-descriptor/-/is-descriptor-0.1.6.tgz",
          "integrity": "sha512-avDYr0SB3DwO9zsMov0gKCESFYqCnE4hq/4z3TdUlukEy5t9C0YRq7HLrsN52NAcqXKaepeCD0n+B0arnVG3Hg==",
          "requires": {
            "is-accessor-descriptor": "0.1.6",
            "is-data-descriptor": "0.1.4",
            "kind-of": "5.1.0"
          }
        },
        "is-extendable": {
          "version": "0.1.1",
          "resolved": "https://registry.npmjs.org/is-extendable/-/is-extendable-0.1.1.tgz",
          "integrity": "sha1-YrEQ4omkcUGOPsNqYX1HLjAd/Ik="
        },
        "kind-of": {
          "version": "5.1.0",
          "resolved": "https://registry.npmjs.org/kind-of/-/kind-of-5.1.0.tgz",
          "integrity": "sha512-NGEErnH6F2vUuXDh+OlbcKW7/wOcfdRHaZ7VWtqCztfHri/++YKmP51OdWeGPuqCOba6kk2OTe5d02VmTB80Pw=="
        }
      }
    },
    "union-value": {
      "version": "1.0.0",
      "resolved": "https://registry.npmjs.org/union-value/-/union-value-1.0.0.tgz",
      "integrity": "sha1-XHHDTLW61dzr4+oM0IIHulqhrqQ=",
      "requires": {
        "arr-union": "3.1.0",
        "get-value": "2.0.6",
        "is-extendable": "0.1.1",
        "set-value": "0.4.3"
      },
      "dependencies": {
        "extend-shallow": {
          "version": "2.0.1",
          "resolved": "https://registry.npmjs.org/extend-shallow/-/extend-shallow-2.0.1.tgz",
          "integrity": "sha1-Ua99YUrZqfYQ6huvu5idaxxWiQ8=",
          "requires": {
            "is-extendable": "0.1.1"
          }
        },
        "is-extendable": {
          "version": "0.1.1",
          "resolved": "https://registry.npmjs.org/is-extendable/-/is-extendable-0.1.1.tgz",
          "integrity": "sha1-YrEQ4omkcUGOPsNqYX1HLjAd/Ik="
        },
        "set-value": {
          "version": "0.4.3",
          "resolved": "https://registry.npmjs.org/set-value/-/set-value-0.4.3.tgz",
          "integrity": "sha1-fbCPnT0i3H945Trzw79GZuzfzPE=",
          "requires": {
            "extend-shallow": "2.0.1",
            "is-extendable": "0.1.1",
            "is-plain-object": "2.0.4",
            "to-object-path": "0.3.0"
          }
        }
      }
    },
    "unset-value": {
      "version": "1.0.0",
      "resolved": "https://registry.npmjs.org/unset-value/-/unset-value-1.0.0.tgz",
      "integrity": "sha1-g3aHP30jNRef+x5vw6jtDfyKtVk=",
      "requires": {
        "has-value": "0.3.1",
        "isobject": "3.0.1"
      },
      "dependencies": {
        "has-value": {
          "version": "0.3.1",
          "resolved": "https://registry.npmjs.org/has-value/-/has-value-0.3.1.tgz",
          "integrity": "sha1-ex9YutpiyoJ+wKIHgCVlSEWZXh8=",
          "requires": {
            "get-value": "2.0.6",
            "has-values": "0.1.4",
            "isobject": "2.1.0"
          },
          "dependencies": {
            "isobject": {
              "version": "2.1.0",
              "resolved": "https://registry.npmjs.org/isobject/-/isobject-2.1.0.tgz",
              "integrity": "sha1-8GVWEJaj8dou9GJy+BXIQNh+DIk=",
              "requires": {
                "isarray": "1.0.0"
              }
            }
          }
        },
        "has-values": {
          "version": "0.1.4",
          "resolved": "https://registry.npmjs.org/has-values/-/has-values-0.1.4.tgz",
          "integrity": "sha1-bWHeldkd/Km5oCCJrThL/49it3E="
        }
      }
    },
    "urix": {
      "version": "0.1.0",
      "resolved": "https://registry.npmjs.org/urix/-/urix-0.1.0.tgz",
      "integrity": "sha1-2pN/emLiH+wf0Y1Js1wpNQZ6bHI="
    },
    "use": {
      "version": "2.0.2",
      "resolved": "https://registry.npmjs.org/use/-/use-2.0.2.tgz",
      "integrity": "sha1-riig1y+TvyJCKhii43mZMRLeyOg=",
      "requires": {
        "define-property": "0.2.5",
        "isobject": "3.0.1",
        "lazy-cache": "2.0.2"
      },
      "dependencies": {
        "define-property": {
          "version": "0.2.5",
          "resolved": "https://registry.npmjs.org/define-property/-/define-property-0.2.5.tgz",
          "integrity": "sha1-w1se+RjsPJkPmlvFe+BKrOxcgRY=",
          "requires": {
            "is-descriptor": "0.1.6"
          }
        },
        "is-accessor-descriptor": {
          "version": "0.1.6",
          "resolved": "https://registry.npmjs.org/is-accessor-descriptor/-/is-accessor-descriptor-0.1.6.tgz",
          "integrity": "sha1-qeEss66Nh2cn7u84Q/igiXtcmNY=",
          "requires": {
            "kind-of": "3.2.2"
          },
          "dependencies": {
            "kind-of": {
              "version": "3.2.2",
              "resolved": "https://registry.npmjs.org/kind-of/-/kind-of-3.2.2.tgz",
              "integrity": "sha1-MeohpzS6ubuw8yRm2JOupR5KPGQ=",
              "requires": {
                "is-buffer": "1.1.6"
              }
            }
          }
        },
        "is-data-descriptor": {
          "version": "0.1.4",
          "resolved": "https://registry.npmjs.org/is-data-descriptor/-/is-data-descriptor-0.1.4.tgz",
          "integrity": "sha1-C17mSDiOLIYCgueT8YVv7D8wG1Y=",
          "requires": {
            "kind-of": "3.2.2"
          },
          "dependencies": {
            "kind-of": {
              "version": "3.2.2",
              "resolved": "https://registry.npmjs.org/kind-of/-/kind-of-3.2.2.tgz",
              "integrity": "sha1-MeohpzS6ubuw8yRm2JOupR5KPGQ=",
              "requires": {
                "is-buffer": "1.1.6"
              }
            }
          }
        },
        "is-descriptor": {
          "version": "0.1.6",
          "resolved": "https://registry.npmjs.org/is-descriptor/-/is-descriptor-0.1.6.tgz",
          "integrity": "sha512-avDYr0SB3DwO9zsMov0gKCESFYqCnE4hq/4z3TdUlukEy5t9C0YRq7HLrsN52NAcqXKaepeCD0n+B0arnVG3Hg==",
          "requires": {
            "is-accessor-descriptor": "0.1.6",
            "is-data-descriptor": "0.1.4",
            "kind-of": "5.1.0"
          }
        },
        "kind-of": {
          "version": "5.1.0",
          "resolved": "https://registry.npmjs.org/kind-of/-/kind-of-5.1.0.tgz",
          "integrity": "sha512-NGEErnH6F2vUuXDh+OlbcKW7/wOcfdRHaZ7VWtqCztfHri/++YKmP51OdWeGPuqCOba6kk2OTe5d02VmTB80Pw=="
        }
      }
    },
    "wrappy": {
      "version": "1.0.2",
      "resolved": "https://registry.npmjs.org/wrappy/-/wrappy-1.0.2.tgz",
      "integrity": "sha1-tSQ9jz7BqjXxNkYFvA0QNuMKtp8="
    }
  }
}
